
Microsoft Visual Studio Solution File, Format Version 12.00
# Visual Studio 14
VisualStudioVersion = 14.0.25420.1
MinimumVisualStudioVersion = 10.0.40219.1
Project("{FAE04EC0-301F-11D3-BF4B-00C04F79EFBC}") = "TidalExplorer", "TidalExplorer\TidalExplorer.csproj", "{50E5DDE3-7AF9-4EF4-84AF-85042D6B06FD}"
EndProject
Project("{2150E333-8FDC-42A3-9474-1A3956D46DE8}") = "Solution Items", "Solution Items", "{D2B121B9-14CD-4DC0-937C-8D6B37546B53}"
	ProjectSection(SolutionItems) = preProject
		.gitignore = .gitignore
		LICENSE = LICENSE
		README.md = README.md
	EndProjectSection
EndProject
Project("{FAE04EC0-301F-11D3-BF4B-00C04F79EFBC}") = "OpenTidl", "OpenTidl\OpenTidl.csproj", "{3796564B-3A91-4AEE-B859-E7E6BCF1521D}"
EndProject
Project("{FAE04EC0-301F-11D3-BF4B-00C04F79EFBC}") = "TidalExplorer.TidalIntegration", "TidalExplorer.TidalIntegration\TidalExplorer.TidalIntegration.csproj", "{E30BEBBF-31F5-4EAA-9785-F62657F96667}"
EndProject
Global
	GlobalSection(SolutionConfigurationPlatforms) = preSolution
		Debug|Any CPU = Debug|Any CPU
		Release|Any CPU = Release|Any CPU
	EndGlobalSection
	GlobalSection(ProjectConfigurationPlatforms) = postSolution
		{50E5DDE3-7AF9-4EF4-84AF-85042D6B06FD}.Debug|Any CPU.ActiveCfg = Debug|Any CPU
		{50E5DDE3-7AF9-4EF4-84AF-85042D6B06FD}.Debug|Any CPU.Build.0 = Debug|Any CPU
		{50E5DDE3-7AF9-4EF4-84AF-85042D6B06FD}.Release|Any CPU.ActiveCfg = Release|Any CPU
		{50E5DDE3-7AF9-4EF4-84AF-85042D6B06FD}.Release|Any CPU.Build.0 = Release|Any CPU
		{3796564B-3A91-4AEE-B859-E7E6BCF1521D}.Debug|Any CPU.ActiveCfg = Debug|Any CPU
		{3796564B-3A91-4AEE-B859-E7E6BCF1521D}.Debug|Any CPU.Build.0 = Debug|Any CPU
		{3796564B-3A91-4AEE-B859-E7E6BCF1521D}.Release|Any CPU.ActiveCfg = Release|Any CPU
		{3796564B-3A91-4AEE-B859-E7E6BCF1521D}.Release|Any CPU.Build.0 = Release|Any CPU
		{E30BEBBF-31F5-4EAA-9785-F62657F96667}.Debug|Any CPU.ActiveCfg = Debug|Any CPU
		{E30BEBBF-31F5-4EAA-9785-F62657F96667}.Debug|Any CPU.Build.0 = Debug|Any CPU
		{E30BEBBF-31F5-4EAA-9785-F62657F96667}.Release|Any CPU.ActiveCfg = Release|Any CPU
		{E30BEBBF-31F5-4EAA-9785-F62657F96667}.Release|Any CPU.Build.0 = Release|Any CPU
	EndGlobalSection
	GlobalSection(SolutionProperties) = preSolution
		HideSolutionNode = FALSE
	EndGlobalSection
EndGlobal
